
Microsoft Visual Studio Solution File, Format Version 12.00
# Visual Studio Version 17
VisualStudioVersion = 17.9.34728.123
MinimumVisualStudioVersion = 10.0.40219.1
Project("{2150E333-8FDC-42A3-9474-1A3956D46DE8}") = "1.Core", "1.Core", "{486608A5-B3C1-47E1-8687-E007D7848A83}"
EndProject
Project("{2150E333-8FDC-42A3-9474-1A3956D46DE8}") = "2.Infrastructure", "2.Infrastructure", "{47BC002D-0194-4132-8B30-EE4D1D4F4C35}"
EndProject
Project("{2150E333-8FDC-42A3-9474-1A3956D46DE8}") = "3.Endpoints", "3.Endpoints", "{F774D3AE-63D8-4EAA-9149-5AD50F1F3C4D}"
EndProject
Project("{2150E333-8FDC-42A3-9474-1A3956D46DE8}") = "Data", "Data", "{679D93E3-DD7C-4B27-9557-3A82D8118F47}"
EndProject
Project("{2150E333-8FDC-42A3-9474-1A3956D46DE8}") = "0.Framework", "0.Framework", "{0B5141DD-FEC6-4AC1-952D-775362A8F692}"
EndProject
Project("{9A19103F-16F7-4668-BE54-9A1E7A4F7556}") = "Ms.Framework.ValueObject", "src\Framework\Ms.Framework.ValueObject\Ms.Framework.ValueObject.csproj", "{41978102-1483-4439-A448-6D2B729D1EAD}"
EndProject
Project("{9A19103F-16F7-4668-BE54-9A1E7A4F7556}") = "Ms.Framework.Entity", "src\Framework\Ms.Framework.Entity\Ms.Framework.Entity.csproj", "{DA204B65-37DA-42EE-B4AC-F2434BD9AFAC}"
EndProject
Project("{2150E333-8FDC-42A3-9474-1A3956D46DE8}") = "07. Application Architecture", "07. Application Architecture", "{5140F38C-8CA1-4F5F-AB83-F2DC3FA59267}"
EndProject
Project("{9A19103F-16F7-4668-BE54-9A1E7A4F7556}") = "Ms.Core.Domain", "07. Application Architecture\1.Core\Ms.Core.Domain\Ms.Core.Domain.csproj", "{D9D8EDBA-42C9-47B7-A14B-E99EDC641B22}"
EndProject
Project("{9A19103F-16F7-4668-BE54-9A1E7A4F7556}") = "Ms.Core.ApplicationServices", "07. Application Architecture\1.Core\Ms.Core.ApplicationServices\Ms.Core.ApplicationServices.csproj", "{909FE015-53F2-4DF9-8D8D-59C1EFE0FC02}"
EndProject
Project("{9A19103F-16F7-4668-BE54-9A1E7A4F7556}") = "Ms.Infrastructure.Data.SqlServer", "07. Application Architecture\2.Infrastructure\Data\Ms.Infrastructure.Data.SqlServer\Ms.Infrastructure.Data.SqlServer.csproj", "{BA987A72-11C7-48F2-B8AC-CA1C8B764E44}"
EndProject
Project("{9A19103F-16F7-4668-BE54-9A1E7A4F7556}") = "Ms.Endpoints.Api", "07. Application Architecture\3.Endpoints\Ms.Endpoints.Api\Ms.Endpoints.Api.csproj", "{F4213984-14C8-452B-A71E-88397B47A563}"
EndProject
Project("{2150E333-8FDC-42A3-9474-1A3956D46DE8}") = "11. DomainEventsSamples", "11. DomainEventsSamples", "{842AFC2D-C674-49D6-8360-745A956A2519}"
EndProject
Project("{9A19103F-16F7-4668-BE54-9A1E7A4F7556}") = "Ms.DomainEventsSample.Framework", "11. DomainEventsSamples\Ms.DomainEventsSample.Framework\Ms.DomainEventsSample.Framework.csproj", "{35509571-EF7B-4B96-8303-E36B41CC432F}"
EndProject
Project("{2150E333-8FDC-42A3-9474-1A3956D46DE8}") = "0.Framework", "0.Framework", "{FC66E58F-C1D5-43C8-AE1C-40809277194A}"
EndProject
Project("{2150E333-8FDC-42A3-9474-1A3956D46DE8}") = "1.Core", "1.Core", "{A04D58F9-26FF-49AF-B247-7A2BA5B28042}"
EndProject
Project("{9A19103F-16F7-4668-BE54-9A1E7A4F7556}") = "Ms.DomainEventsSample.Core.Domain", "11. DomainEventsSamples\Ms.DomainEventsSample.Core.Domain\Ms.DomainEventsSample.Core.Domain.csproj", "{1F554AFD-2201-4610-91BF-5F2A8F725F3C}"
EndProject
Project("{2150E333-8FDC-42A3-9474-1A3956D46DE8}") = "2.Infra", "2.Infra", "{B9AA7FBD-262C-4ABC-9C6D-100557102678}"
EndProject
Project("{9A19103F-16F7-4668-BE54-9A1E7A4F7556}") = "Ms.DomainEventsSamples.Infra.Dal", "11. DomainEventsSamples\Ms.DomainEventsSamples.Infra.Dal\Ms.DomainEventsSamples.Infra.Dal.csproj", "{60E358AF-E363-46C9-938C-7841F0F6DA24}"
EndProject
Project("{2150E333-8FDC-42A3-9474-1A3956D46DE8}") = "3.Endpoint", "3.Endpoint", "{B71DC13D-F6EF-4DA5-8B1D-481DD7B4E9E1}"
EndProject
Project("{9A19103F-16F7-4668-BE54-9A1E7A4F7556}") = "Ms.DomainEventsSamples.Endpoint.Api", "11. DomainEventsSamples\Ms.DomainEventsSamples.Endpoint.Api\Ms.DomainEventsSamples.Endpoint.Api.csproj", "{21D16408-0C92-4C8F-A8AD-B7FB1E41A8BD}"
EndProject
Project("{2150E333-8FDC-42A3-9474-1A3956D46DE8}") = "12. AggregatesSamples", "12. AggregatesSamples", "{EBA75707-B8F3-4589-A725-49D734FA37A1}"
EndProject
Project("{9A19103F-16F7-4668-BE54-9A1E7A4F7556}") = "Ms.Aggregates.Introductions", "12. AggregatesSamples\Ms.Aggregates.Introductions\Ms.Aggregates.Introductions.csproj", "{2989A744-87C3-4940-8987-428FF011700D}"
EndProject
Project("{9A19103F-16F7-4668-BE54-9A1E7A4F7556}") = "Ms.DomainEventsSamples.Core.ApplicationServices", "11. DomainEventsSamples\Ms.DomainEventsSamples.Core.ApplicationServices\Ms.DomainEventsSamples.Core.ApplicationServices.csproj", "{93D1E4C8-FE47-42DF-823E-634DB721963A}"
EndProject
Project("{9A19103F-16F7-4668-BE54-9A1E7A4F7556}") = "Ms.Aggregates.Framework", "12. AggregatesSamples\Ms.Aggregates.Framework\Ms.Aggregates.Framework.csproj", "{C62E0AFF-DA1E-4E8C-ADEF-ED4D6D3A6395}"
EndProject
Project("{2150E333-8FDC-42A3-9474-1A3956D46DE8}") = "10. EntitiesSample", "10. EntitiesSample", "{C93CC83B-D488-4051-B7E2-D8553BB128BE}"
EndProject
Project("{2150E333-8FDC-42A3-9474-1A3956D46DE8}") = "Behavior", "Behavior", "{ECF97516-7C36-400C-B06F-1F633C56B4E2}"
EndProject
Project("{2150E333-8FDC-42A3-9474-1A3956D46DE8}") = "BehaviorVsData", "BehaviorVsData", "{67E9E379-2630-4258-AC57-C12532439177}"
EndProject
Project("{9A19103F-16F7-4668-BE54-9A1E7A4F7556}") = "Ms.EntitiesSample.Behavior", "10. EntitiesSample\Ms.EntitiesSample.Behavior\Ms.EntitiesSample.Behavior.csproj", "{FE2602F3-DA05-46F7-902C-6DAC56021C34}"
EndProject
Project("{9A19103F-16F7-4668-BE54-9A1E7A4F7556}") = "Ms.EntitiesSample.BehaviorVsData", "10. EntitiesSample\Ms.EntitiesSample.BehaviorVsData\Ms.EntitiesSample.BehaviorVsData.csproj", "{F4C3426A-609A-4062-B13E-F2031CD419D7}"
EndProject
Project("{2150E333-8FDC-42A3-9474-1A3956D46DE8}") = "Framework", "Framework", "{B4B9DEFD-BDFE-4051-9734-BE1D17AAEA15}"
EndProject
Project("{9A19103F-16F7-4668-BE54-9A1E7A4F7556}") = "Ms.EntitiesSample.Framework", "10. EntitiesSample\Ms.EntitiesSample.Framework\Ms.EntitiesSample.Framework.csproj", "{975C37A4-90B0-4983-A918-860B0752869C}"
EndProject
Project("{2150E333-8FDC-42A3-9474-1A3956D46DE8}") = "IdGeneratorSamples", "IdGeneratorSamples", "{20A86D9F-1068-441B-9222-D05221729C18}"
EndProject
Project("{9A19103F-16F7-4668-BE54-9A1E7A4F7556}") = "Ms.EntitiesSample.IdGenerators.Contract", "10. EntitiesSample\Ms.EntitiesSample.IdGenerators.Contract\Ms.EntitiesSample.IdGenerators.Contract.csproj", "{7649C71C-93FC-46AC-82B1-E2B498A19BF5}"
EndProject
Project("{9A19103F-16F7-4668-BE54-9A1E7A4F7556}") = "Ms.EntitiesSample.IdGenerators.Snowflakes", "10. EntitiesSample\Ms.EntitiesSample.IdGenerators.Snowflakes\Ms.EntitiesSample.IdGenerators.Snowflakes.csproj", "{FA29FF6C-A3B9-4CCF-9A64-7CB0DB58B886}"
EndProject
Project("{9A19103F-16F7-4668-BE54-9A1E7A4F7556}") = "Ms.EntitiesSample.IdGenerators.SqlSequence", "10. EntitiesSample\Ms.EntitiesSample.IdGenerators.SqlSequence\Ms.EntitiesSample.IdGenerators.SqlSequence.csproj", "{46E7AEFE-E313-4545-A700-7F21A0FC386B}"
EndProject
Project("{9A19103F-16F7-4668-BE54-9A1E7A4F7556}") = "Ms.EntitiesSample.IdGenerators.StaticClass", "10. EntitiesSample\Ms.EntitiesSample.IdGenerators.StaticClass\Ms.EntitiesSample.IdGenerators.StaticClass.csproj", "{4085675D-0301-42C1-8D9A-26CE4C6F066F}"
EndProject
Project("{9A19103F-16F7-4668-BE54-9A1E7A4F7556}") = "Ms.EntitiesSample.WebAPI", "10. EntitiesSample\Ms.EntitiesSample.WebAPI\Ms.EntitiesSample.WebAPI.csproj", "{4FB79FE4-7530-419F-A6B8-84F70159AD96}"
EndProject
Project("{2150E333-8FDC-42A3-9474-1A3956D46DE8}") = "Memento", "Memento", "{FBC5AFAD-F07F-43C5-8ECF-274B4B5B0DDD}"
EndProject
Project("{9A19103F-16F7-4668-BE54-9A1E7A4F7556}") = "Ms.EntitiesSample.Memento", "10. EntitiesSample\Ms.EntitiesSample.Memento\Ms.EntitiesSample.Memento.csproj", "{B4316BE6-B300-47CA-9529-2C088037898A}"
EndProject
Project("{2150E333-8FDC-42A3-9474-1A3956D46DE8}") = "SideEffectFree", "SideEffectFree", "{02FC46AD-8257-48BF-A4DA-E5B036FC319B}"
EndProject
Project("{9A19103F-16F7-4668-BE54-9A1E7A4F7556}") = "Ms.EntitiesSample.SideEffectFree", "10. EntitiesSample\Ms.EntitiesSample.SideEffectFree\Ms.EntitiesSample.SideEffectFree.csproj", "{8872A3B5-917B-486F-B2AC-8F3B5B5647E8}"
EndProject
Project("{2150E333-8FDC-42A3-9474-1A3956D46DE8}") = "Specifications", "Specifications", "{D7C5091D-4BE5-4E3E-8FB5-6802336794B2}"
EndProject
Project("{9A19103F-16F7-4668-BE54-9A1E7A4F7556}") = "Ms.EntitiesSample.Specifications", "10. EntitiesSample\Ms.EntitiesSample.Specifications\Ms.EntitiesSample.Specifications.csproj", "{2CF38795-BCBD-44B7-B421-ED968826385C}"
EndProject
Project("{2150E333-8FDC-42A3-9474-1A3956D46DE8}") = "Validations", "Validations", "{3B778CBE-9318-4EE1-B9D7-952F6491CE3F}"
EndProject
Project("{9A19103F-16F7-4668-BE54-9A1E7A4F7556}") = "Ms.EntitiesSample.Validations", "10. EntitiesSample\Ms.EntitiesSample.Validations\Ms.EntitiesSample.Validations.csproj", "{31F7DC9E-557A-45EB-BDE1-116CAE72972B}"
EndProject
Project("{2150E333-8FDC-42A3-9474-1A3956D46DE8}") = "08. DomainModelingBuildingBlocks", "08. DomainModelingBuildingBlocks", "{3698E905-7E4F-4D4B-84CA-5CED837EB21B}"
EndProject
Project("{9A19103F-16F7-4668-BE54-9A1E7A4F7556}") = "Ms.DomainModelingBuildingBlocks", "08. DomainModelingBuildingBlocks\Ms.DomainModelingBuildingBlocks\Ms.DomainModelingBuildingBlocks.csproj", "{66DE7155-C394-45ED-9C9A-2151C8E70469}"
EndProject
Project("{2150E333-8FDC-42A3-9474-1A3956D46DE8}") = "09. ValueObject", "09. ValueObject", "{AE6360B7-98A1-4B8D-B13C-2053B9F6CD90}"
EndProject
Project("{9A19103F-16F7-4668-BE54-9A1E7A4F7556}") = "Ms.ValueObject.ComsoleApps", "09. ValueObject\Ms.ValueObject.ComsoleApps\Ms.ValueObject.ComsoleApps.csproj", "{422C3FA3-2EC9-4444-AA46-D63C2B37BBB6}"
EndProject
Project("{9A19103F-16F7-4668-BE54-9A1E7A4F7556}") = "Ms.ValueObject.EFSample", "09. ValueObject\Ms.ValueObject.EFSample\Ms.ValueObject.EFSample.csproj", "{822531B2-ADE4-4293-8248-D5519AE5F45D}"
EndProject
Project("{9A19103F-16F7-4668-BE54-9A1E7A4F7556}") = "Ms.ValueObject.Framework", "09. ValueObject\Ms.ValueObject.Framework\Ms.ValueObject.Framework.csproj", "{E60A3970-148B-4888-AC44-F25F92348865}"
EndProject
Project("{9A19103F-16F7-4668-BE54-9A1E7A4F7556}") = "Ms.EventSourcingSample.Domain", "14. EventSourcingSample\Ms.EventSourcingSample.Domain\Ms.EventSourcingSample.Domain.csproj", "{AF043A94-38CE-4FD8-AF06-AB584B81DF81}"
EndProject
Project("{9A19103F-16F7-4668-BE54-9A1E7A4F7556}") = "Ms.ValueObject.Samples", "09. ValueObject\Ms.ValueObject.Samples\Ms.ValueObject.Samples.csproj", "{38B0A634-4B71-4742-9E92-97BBABF10194}"
EndProject
Project("{9A19103F-16F7-4668-BE54-9A1E7A4F7556}") = "Ms.ValueObject.Samples.Test", "09. ValueObject\Ms.ValueObject.Samples.Test\Ms.ValueObject.Samples.Test.csproj", "{3743693B-1D9B-473D-AFAC-B504666BD97A}"
EndProject
Project("{2150E333-8FDC-42A3-9474-1A3956D46DE8}") = "13. RepositorySamples", "13. RepositorySamples", "{4FE3A78B-3219-48D7-8D2D-53EB184D4502}"
EndProject
Project("{9A19103F-16F7-4668-BE54-9A1E7A4F7556}") = "Ms.RepositorySample.Framework", "13. RepositorySamples\Ms.RepositorySample.Framework\Ms.RepositorySample.Framework.csproj", "{4238E9F7-6309-4B0A-A626-8F3F32B02F37}"
EndProject
Project("{9A19103F-16F7-4668-BE54-9A1E7A4F7556}") = "Ms.RepositorySamples.Domain", "13. RepositorySamples\Ms.RepositorySamples.Domain\Ms.RepositorySamples.Domain.csproj", "{B4296904-1D58-408E-BCED-5D39FDD133DE}"
EndProject
Project("{9A19103F-16F7-4668-BE54-9A1E7A4F7556}") = "Ms.RepositorySamples.DAL", "13. RepositorySamples\Ms.RepositorySamples.DAL\Ms.RepositorySamples.DAL.csproj", "{83595115-6693-4CD4-B8BA-0B30D4548231}"
EndProject
Project("{9A19103F-16F7-4668-BE54-9A1E7A4F7556}") = "Ms.RepositorySample.Api", "13. RepositorySamples\Ms.RepositorySample.Api\Ms.RepositorySample.Api.csproj", "{ED53F907-C25C-4F8B-A2D2-20D49DAC3AFE}"
EndProject
Project("{2150E333-8FDC-42A3-9474-1A3956D46DE8}") = "14. EventSourcingSample", "14. EventSourcingSample", "{C7B58262-F855-4501-BAA0-081620B503B7}"
EndProject
Project("{9A19103F-16F7-4668-BE54-9A1E7A4F7556}") = "Ms.EventSourcingSample.Dal", "14. EventSourcingSample\Ms.EventSourcingSample.Dal\Ms.EventSourcingSample.Dal.csproj", "{E2EABBEB-4A5F-4A06-9319-1F507787F663}"
EndProject
Project("{9A19103F-16F7-4668-BE54-9A1E7A4F7556}") = "Ms.EventSourcingSample.Endpoint", "14. EventSourcingSample\Ms.EventSourcingSample.Endpoint\Ms.EventSourcingSample.Endpoint.csproj", "{2BC47366-F4D2-44EF-891E-4E45C05F3482}"
EndProject
Project("{2150E333-8FDC-42A3-9474-1A3956D46DE8}") = "15. CQRSSamples", "15. CQRSSamples", "{9E7AAFF8-BD39-4257-9956-A63755117E21}"
EndProject
Project("{9A19103F-16F7-4668-BE54-9A1E7A4F7556}") = "Ms.CQRSSamples.Framework", "15. CQRSSamples\Ms.CQRSSamples.Framework\Ms.CQRSSamples.Framework.csproj", "{8E2C3712-6933-4201-9D85-011608CFD7A6}"
EndProject
Project("{9A19103F-16F7-4668-BE54-9A1E7A4F7556}") = "Ms.CQRSSamples.Domain", "15. CQRSSamples\Ms.CQRSSamples.Domain\Ms.CQRSSamples.Domain.csproj", "{6945B290-3111-4FE2-932A-5D1E61932083}"
EndProject
Project("{9A19103F-16F7-4668-BE54-9A1E7A4F7556}") = "Ms.CQRSSamples.DAL", "15. CQRSSamples\Ms.CQRSSamples.DAL\Ms.CQRSSamples.DAL.csproj", "{5B4837C7-D894-454B-A8D4-C6B8B9770861}"
EndProject
Project("{9A19103F-16F7-4668-BE54-9A1E7A4F7556}") = "Ms.CQRSSamples.API", "15. CQRSSamples\Ms.CQRSSamples.API\Ms.CQRSSamples.API.csproj", "{5A4B5537-FF9D-485D-889D-42191EB8E839}"
EndProject
Project("{9A19103F-16F7-4668-BE54-9A1E7A4F7556}") = "Ms.EventSourcingSample.Framework", "14. EventSourcingSample\Ms.EventSourcingSample.Framework\Ms.EventSourcingSample.Framework.csproj", "{18150D1A-DDA2-462F-BE86-DE758BB4117F}"
EndProject
Global
	GlobalSection(SolutionConfigurationPlatforms) = preSolution
		Debug|Any CPU = Debug|Any CPU
		Release|Any CPU = Release|Any CPU
	EndGlobalSection
	GlobalSection(ProjectConfigurationPlatforms) = postSolution
		{41978102-1483-4439-A448-6D2B729D1EAD}.Debug|Any CPU.ActiveCfg = Debug|Any CPU
		{41978102-1483-4439-A448-6D2B729D1EAD}.Debug|Any CPU.Build.0 = Debug|Any CPU
		{41978102-1483-4439-A448-6D2B729D1EAD}.Release|Any CPU.ActiveCfg = Release|Any CPU
		{41978102-1483-4439-A448-6D2B729D1EAD}.Release|Any CPU.Build.0 = Release|Any CPU
		{DA204B65-37DA-42EE-B4AC-F2434BD9AFAC}.Debug|Any CPU.ActiveCfg = Debug|Any CPU
		{DA204B65-37DA-42EE-B4AC-F2434BD9AFAC}.Debug|Any CPU.Build.0 = Debug|Any CPU
		{DA204B65-37DA-42EE-B4AC-F2434BD9AFAC}.Release|Any CPU.ActiveCfg = Release|Any CPU
		{DA204B65-37DA-42EE-B4AC-F2434BD9AFAC}.Release|Any CPU.Build.0 = Release|Any CPU
		{D9D8EDBA-42C9-47B7-A14B-E99EDC641B22}.Debug|Any CPU.ActiveCfg = Debug|Any CPU
		{D9D8EDBA-42C9-47B7-A14B-E99EDC641B22}.Debug|Any CPU.Build.0 = Debug|Any CPU
		{D9D8EDBA-42C9-47B7-A14B-E99EDC641B22}.Release|Any CPU.ActiveCfg = Release|Any CPU
		{D9D8EDBA-42C9-47B7-A14B-E99EDC641B22}.Release|Any CPU.Build.0 = Release|Any CPU
		{909FE015-53F2-4DF9-8D8D-59C1EFE0FC02}.Debug|Any CPU.ActiveCfg = Debug|Any CPU
		{909FE015-53F2-4DF9-8D8D-59C1EFE0FC02}.Debug|Any CPU.Build.0 = Debug|Any CPU
		{909FE015-53F2-4DF9-8D8D-59C1EFE0FC02}.Release|Any CPU.ActiveCfg = Release|Any CPU
		{909FE015-53F2-4DF9-8D8D-59C1EFE0FC02}.Release|Any CPU.Build.0 = Release|Any CPU
		{BA987A72-11C7-48F2-B8AC-CA1C8B764E44}.Debug|Any CPU.ActiveCfg = Debug|Any CPU
		{BA987A72-11C7-48F2-B8AC-CA1C8B764E44}.Debug|Any CPU.Build.0 = Debug|Any CPU
		{BA987A72-11C7-48F2-B8AC-CA1C8B764E44}.Release|Any CPU.ActiveCfg = Release|Any CPU
		{BA987A72-11C7-48F2-B8AC-CA1C8B764E44}.Release|Any CPU.Build.0 = Release|Any CPU
		{F4213984-14C8-452B-A71E-88397B47A563}.Debug|Any CPU.ActiveCfg = Debug|Any CPU
		{F4213984-14C8-452B-A71E-88397B47A563}.Debug|Any CPU.Build.0 = Debug|Any CPU
		{F4213984-14C8-452B-A71E-88397B47A563}.Release|Any CPU.ActiveCfg = Release|Any CPU
		{F4213984-14C8-452B-A71E-88397B47A563}.Release|Any CPU.Build.0 = Release|Any CPU
		{35509571-EF7B-4B96-8303-E36B41CC432F}.Debug|Any CPU.ActiveCfg = Debug|Any CPU
		{35509571-EF7B-4B96-8303-E36B41CC432F}.Debug|Any CPU.Build.0 = Debug|Any CPU
		{35509571-EF7B-4B96-8303-E36B41CC432F}.Release|Any CPU.ActiveCfg = Release|Any CPU
		{35509571-EF7B-4B96-8303-E36B41CC432F}.Release|Any CPU.Build.0 = Release|Any CPU
		{1F554AFD-2201-4610-91BF-5F2A8F725F3C}.Debug|Any CPU.ActiveCfg = Debug|Any CPU
		{1F554AFD-2201-4610-91BF-5F2A8F725F3C}.Debug|Any CPU.Build.0 = Debug|Any CPU
		{1F554AFD-2201-4610-91BF-5F2A8F725F3C}.Release|Any CPU.ActiveCfg = Release|Any CPU
		{1F554AFD-2201-4610-91BF-5F2A8F725F3C}.Release|Any CPU.Build.0 = Release|Any CPU
		{60E358AF-E363-46C9-938C-7841F0F6DA24}.Debug|Any CPU.ActiveCfg = Debug|Any CPU
		{60E358AF-E363-46C9-938C-7841F0F6DA24}.Debug|Any CPU.Build.0 = Debug|Any CPU
		{60E358AF-E363-46C9-938C-7841F0F6DA24}.Release|Any CPU.ActiveCfg = Release|Any CPU
		{60E358AF-E363-46C9-938C-7841F0F6DA24}.Release|Any CPU.Build.0 = Release|Any CPU
		{21D16408-0C92-4C8F-A8AD-B7FB1E41A8BD}.Debug|Any CPU.ActiveCfg = Debug|Any CPU
		{21D16408-0C92-4C8F-A8AD-B7FB1E41A8BD}.Debug|Any CPU.Build.0 = Debug|Any CPU
		{21D16408-0C92-4C8F-A8AD-B7FB1E41A8BD}.Release|Any CPU.ActiveCfg = Release|Any CPU
		{21D16408-0C92-4C8F-A8AD-B7FB1E41A8BD}.Release|Any CPU.Build.0 = Release|Any CPU
		{2989A744-87C3-4940-8987-428FF011700D}.Debug|Any CPU.ActiveCfg = Debug|Any CPU
		{2989A744-87C3-4940-8987-428FF011700D}.Debug|Any CPU.Build.0 = Debug|Any CPU
		{2989A744-87C3-4940-8987-428FF011700D}.Release|Any CPU.ActiveCfg = Release|Any CPU
		{2989A744-87C3-4940-8987-428FF011700D}.Release|Any CPU.Build.0 = Release|Any CPU
		{93D1E4C8-FE47-42DF-823E-634DB721963A}.Debug|Any CPU.ActiveCfg = Debug|Any CPU
		{93D1E4C8-FE47-42DF-823E-634DB721963A}.Debug|Any CPU.Build.0 = Debug|Any CPU
		{93D1E4C8-FE47-42DF-823E-634DB721963A}.Release|Any CPU.ActiveCfg = Release|Any CPU
		{93D1E4C8-FE47-42DF-823E-634DB721963A}.Release|Any CPU.Build.0 = Release|Any CPU
		{C62E0AFF-DA1E-4E8C-ADEF-ED4D6D3A6395}.Debug|Any CPU.ActiveCfg = Debug|Any CPU
		{C62E0AFF-DA1E-4E8C-ADEF-ED4D6D3A6395}.Debug|Any CPU.Build.0 = Debug|Any CPU
		{C62E0AFF-DA1E-4E8C-ADEF-ED4D6D3A6395}.Release|Any CPU.ActiveCfg = Release|Any CPU
		{C62E0AFF-DA1E-4E8C-ADEF-ED4D6D3A6395}.Release|Any CPU.Build.0 = Release|Any CPU
		{FE2602F3-DA05-46F7-902C-6DAC56021C34}.Debug|Any CPU.ActiveCfg = Debug|Any CPU
		{FE2602F3-DA05-46F7-902C-6DAC56021C34}.Debug|Any CPU.Build.0 = Debug|Any CPU
		{FE2602F3-DA05-46F7-902C-6DAC56021C34}.Release|Any CPU.ActiveCfg = Release|Any CPU
		{FE2602F3-DA05-46F7-902C-6DAC56021C34}.Release|Any CPU.Build.0 = Release|Any CPU
		{F4C3426A-609A-4062-B13E-F2031CD419D7}.Debug|Any CPU.ActiveCfg = Debug|Any CPU
		{F4C3426A-609A-4062-B13E-F2031CD419D7}.Debug|Any CPU.Build.0 = Debug|Any CPU
		{F4C3426A-609A-4062-B13E-F2031CD419D7}.Release|Any CPU.ActiveCfg = Release|Any CPU
		{F4C3426A-609A-4062-B13E-F2031CD419D7}.Release|Any CPU.Build.0 = Release|Any CPU
		{975C37A4-90B0-4983-A918-860B0752869C}.Debug|Any CPU.ActiveCfg = Debug|Any CPU
		{975C37A4-90B0-4983-A918-860B0752869C}.Debug|Any CPU.Build.0 = Debug|Any CPU
		{975C37A4-90B0-4983-A918-860B0752869C}.Release|Any CPU.ActiveCfg = Release|Any CPU
		{975C37A4-90B0-4983-A918-860B0752869C}.Release|Any CPU.Build.0 = Release|Any CPU
		{7649C71C-93FC-46AC-82B1-E2B498A19BF5}.Debug|Any CPU.ActiveCfg = Debug|Any CPU
		{7649C71C-93FC-46AC-82B1-E2B498A19BF5}.Debug|Any CPU.Build.0 = Debug|Any CPU
		{7649C71C-93FC-46AC-82B1-E2B498A19BF5}.Release|Any CPU.ActiveCfg = Release|Any CPU
		{7649C71C-93FC-46AC-82B1-E2B498A19BF5}.Release|Any CPU.Build.0 = Release|Any CPU
		{FA29FF6C-A3B9-4CCF-9A64-7CB0DB58B886}.Debug|Any CPU.ActiveCfg = Debug|Any CPU
		{FA29FF6C-A3B9-4CCF-9A64-7CB0DB58B886}.Debug|Any CPU.Build.0 = Debug|Any CPU
		{FA29FF6C-A3B9-4CCF-9A64-7CB0DB58B886}.Release|Any CPU.ActiveCfg = Release|Any CPU
		{FA29FF6C-A3B9-4CCF-9A64-7CB0DB58B886}.Release|Any CPU.Build.0 = Release|Any CPU
		{46E7AEFE-E313-4545-A700-7F21A0FC386B}.Debug|Any CPU.ActiveCfg = Debug|Any CPU
		{46E7AEFE-E313-4545-A700-7F21A0FC386B}.Debug|Any CPU.Build.0 = Debug|Any CPU
		{46E7AEFE-E313-4545-A700-7F21A0FC386B}.Release|Any CPU.ActiveCfg = Release|Any CPU
		{46E7AEFE-E313-4545-A700-7F21A0FC386B}.Release|Any CPU.Build.0 = Release|Any CPU
		{4085675D-0301-42C1-8D9A-26CE4C6F066F}.Debug|Any CPU.ActiveCfg = Debug|Any CPU
		{4085675D-0301-42C1-8D9A-26CE4C6F066F}.Debug|Any CPU.Build.0 = Debug|Any CPU
		{4085675D-0301-42C1-8D9A-26CE4C6F066F}.Release|Any CPU.ActiveCfg = Release|Any CPU
		{4085675D-0301-42C1-8D9A-26CE4C6F066F}.Release|Any CPU.Build.0 = Release|Any CPU
		{4FB79FE4-7530-419F-A6B8-84F70159AD96}.Debug|Any CPU.ActiveCfg = Debug|Any CPU
		{4FB79FE4-7530-419F-A6B8-84F70159AD96}.Debug|Any CPU.Build.0 = Debug|Any CPU
		{4FB79FE4-7530-419F-A6B8-84F70159AD96}.Release|Any CPU.ActiveCfg = Release|Any CPU
		{4FB79FE4-7530-419F-A6B8-84F70159AD96}.Release|Any CPU.Build.0 = Release|Any CPU
		{B4316BE6-B300-47CA-9529-2C088037898A}.Debug|Any CPU.ActiveCfg = Debug|Any CPU
		{B4316BE6-B300-47CA-9529-2C088037898A}.Debug|Any CPU.Build.0 = Debug|Any CPU
		{B4316BE6-B300-47CA-9529-2C088037898A}.Release|Any CPU.ActiveCfg = Release|Any CPU
		{B4316BE6-B300-47CA-9529-2C088037898A}.Release|Any CPU.Build.0 = Release|Any CPU
		{8872A3B5-917B-486F-B2AC-8F3B5B5647E8}.Debug|Any CPU.ActiveCfg = Debug|Any CPU
		{8872A3B5-917B-486F-B2AC-8F3B5B5647E8}.Debug|Any CPU.Build.0 = Debug|Any CPU
		{8872A3B5-917B-486F-B2AC-8F3B5B5647E8}.Release|Any CPU.ActiveCfg = Release|Any CPU
		{8872A3B5-917B-486F-B2AC-8F3B5B5647E8}.Release|Any CPU.Build.0 = Release|Any CPU
		{2CF38795-BCBD-44B7-B421-ED968826385C}.Debug|Any CPU.ActiveCfg = Debug|Any CPU
		{2CF38795-BCBD-44B7-B421-ED968826385C}.Debug|Any CPU.Build.0 = Debug|Any CPU
		{2CF38795-BCBD-44B7-B421-ED968826385C}.Release|Any CPU.ActiveCfg = Release|Any CPU
		{2CF38795-BCBD-44B7-B421-ED968826385C}.Release|Any CPU.Build.0 = Release|Any CPU
		{31F7DC9E-557A-45EB-BDE1-116CAE72972B}.Debug|Any CPU.ActiveCfg = Debug|Any CPU
		{31F7DC9E-557A-45EB-BDE1-116CAE72972B}.Debug|Any CPU.Build.0 = Debug|Any CPU
		{31F7DC9E-557A-45EB-BDE1-116CAE72972B}.Release|Any CPU.ActiveCfg = Release|Any CPU
		{31F7DC9E-557A-45EB-BDE1-116CAE72972B}.Release|Any CPU.Build.0 = Release|Any CPU
		{66DE7155-C394-45ED-9C9A-2151C8E70469}.Debug|Any CPU.ActiveCfg = Debug|Any CPU
		{66DE7155-C394-45ED-9C9A-2151C8E70469}.Debug|Any CPU.Build.0 = Debug|Any CPU
		{66DE7155-C394-45ED-9C9A-2151C8E70469}.Release|Any CPU.ActiveCfg = Release|Any CPU
		{66DE7155-C394-45ED-9C9A-2151C8E70469}.Release|Any CPU.Build.0 = Release|Any CPU
		{422C3FA3-2EC9-4444-AA46-D63C2B37BBB6}.Debug|Any CPU.ActiveCfg = Debug|Any CPU
		{422C3FA3-2EC9-4444-AA46-D63C2B37BBB6}.Debug|Any CPU.Build.0 = Debug|Any CPU
		{422C3FA3-2EC9-4444-AA46-D63C2B37BBB6}.Release|Any CPU.ActiveCfg = Release|Any CPU
		{422C3FA3-2EC9-4444-AA46-D63C2B37BBB6}.Release|Any CPU.Build.0 = Release|Any CPU
		{822531B2-ADE4-4293-8248-D5519AE5F45D}.Debug|Any CPU.ActiveCfg = Debug|Any CPU
		{822531B2-ADE4-4293-8248-D5519AE5F45D}.Debug|Any CPU.Build.0 = Debug|Any CPU
		{822531B2-ADE4-4293-8248-D5519AE5F45D}.Release|Any CPU.ActiveCfg = Release|Any CPU
		{822531B2-ADE4-4293-8248-D5519AE5F45D}.Release|Any CPU.Build.0 = Release|Any CPU
		{E60A3970-148B-4888-AC44-F25F92348865}.Debug|Any CPU.ActiveCfg = Debug|Any CPU
		{E60A3970-148B-4888-AC44-F25F92348865}.Debug|Any CPU.Build.0 = Debug|Any CPU
		{E60A3970-148B-4888-AC44-F25F92348865}.Release|Any CPU.ActiveCfg = Release|Any CPU
		{E60A3970-148B-4888-AC44-F25F92348865}.Release|Any CPU.Build.0 = Release|Any CPU
		{AF043A94-38CE-4FD8-AF06-AB584B81DF81}.Debug|Any CPU.ActiveCfg = Debug|Any CPU
		{AF043A94-38CE-4FD8-AF06-AB584B81DF81}.Debug|Any CPU.Build.0 = Debug|Any CPU
		{AF043A94-38CE-4FD8-AF06-AB584B81DF81}.Release|Any CPU.ActiveCfg = Release|Any CPU
		{AF043A94-38CE-4FD8-AF06-AB584B81DF81}.Release|Any CPU.Build.0 = Release|Any CPU
		{38B0A634-4B71-4742-9E92-97BBABF10194}.Debug|Any CPU.ActiveCfg = Debug|Any CPU
		{38B0A634-4B71-4742-9E92-97BBABF10194}.Debug|Any CPU.Build.0 = Debug|Any CPU
		{38B0A634-4B71-4742-9E92-97BBABF10194}.Release|Any CPU.ActiveCfg = Release|Any CPU
		{38B0A634-4B71-4742-9E92-97BBABF10194}.Release|Any CPU.Build.0 = Release|Any CPU
		{3743693B-1D9B-473D-AFAC-B504666BD97A}.Debug|Any CPU.ActiveCfg = Debug|Any CPU
		{3743693B-1D9B-473D-AFAC-B504666BD97A}.Debug|Any CPU.Build.0 = Debug|Any CPU
		{3743693B-1D9B-473D-AFAC-B504666BD97A}.Release|Any CPU.ActiveCfg = Release|Any CPU
		{3743693B-1D9B-473D-AFAC-B504666BD97A}.Release|Any CPU.Build.0 = Release|Any CPU
		{4238E9F7-6309-4B0A-A626-8F3F32B02F37}.Debug|Any CPU.ActiveCfg = Debug|Any CPU
		{4238E9F7-6309-4B0A-A626-8F3F32B02F37}.Debug|Any CPU.Build.0 = Debug|Any CPU
		{4238E9F7-6309-4B0A-A626-8F3F32B02F37}.Release|Any CPU.ActiveCfg = Release|Any CPU
		{4238E9F7-6309-4B0A-A626-8F3F32B02F37}.Release|Any CPU.Build.0 = Release|Any CPU
		{B4296904-1D58-408E-BCED-5D39FDD133DE}.Debug|Any CPU.ActiveCfg = Debug|Any CPU
		{B4296904-1D58-408E-BCED-5D39FDD133DE}.Debug|Any CPU.Build.0 = Debug|Any CPU
		{B4296904-1D58-408E-BCED-5D39FDD133DE}.Release|Any CPU.ActiveCfg = Release|Any CPU
		{B4296904-1D58-408E-BCED-5D39FDD133DE}.Release|Any CPU.Build.0 = Release|Any CPU
		{83595115-6693-4CD4-B8BA-0B30D4548231}.Debug|Any CPU.ActiveCfg = Debug|Any CPU
		{83595115-6693-4CD4-B8BA-0B30D4548231}.Debug|Any CPU.Build.0 = Debug|Any CPU
		{83595115-6693-4CD4-B8BA-0B30D4548231}.Release|Any CPU.ActiveCfg = Release|Any CPU
		{83595115-6693-4CD4-B8BA-0B30D4548231}.Release|Any CPU.Build.0 = Release|Any CPU
		{ED53F907-C25C-4F8B-A2D2-20D49DAC3AFE}.Debug|Any CPU.ActiveCfg = Debug|Any CPU
		{ED53F907-C25C-4F8B-A2D2-20D49DAC3AFE}.Debug|Any CPU.Build.0 = Debug|Any CPU
		{ED53F907-C25C-4F8B-A2D2-20D49DAC3AFE}.Release|Any CPU.ActiveCfg = Release|Any CPU
		{ED53F907-C25C-4F8B-A2D2-20D49DAC3AFE}.Release|Any CPU.Build.0 = Release|Any CPU
		{E2EABBEB-4A5F-4A06-9319-1F507787F663}.Debug|Any CPU.ActiveCfg = Debug|Any CPU
		{E2EABBEB-4A5F-4A06-9319-1F507787F663}.Debug|Any CPU.Build.0 = Debug|Any CPU
		{E2EABBEB-4A5F-4A06-9319-1F507787F663}.Release|Any CPU.ActiveCfg = Release|Any CPU
		{E2EABBEB-4A5F-4A06-9319-1F507787F663}.Release|Any CPU.Build.0 = Release|Any CPU
		{2BC47366-F4D2-44EF-891E-4E45C05F3482}.Debug|Any CPU.ActiveCfg = Debug|Any CPU
		{2BC47366-F4D2-44EF-891E-4E45C05F3482}.Debug|Any CPU.Build.0 = Debug|Any CPU
		{2BC47366-F4D2-44EF-891E-4E45C05F3482}.Release|Any CPU.ActiveCfg = Release|Any CPU
		{2BC47366-F4D2-44EF-891E-4E45C05F3482}.Release|Any CPU.Build.0 = Release|Any CPU
		{8E2C3712-6933-4201-9D85-011608CFD7A6}.Debug|Any CPU.ActiveCfg = Debug|Any CPU
		{8E2C3712-6933-4201-9D85-011608CFD7A6}.Debug|Any CPU.Build.0 = Debug|Any CPU
		{8E2C3712-6933-4201-9D85-011608CFD7A6}.Release|Any CPU.ActiveCfg = Release|Any CPU
		{8E2C3712-6933-4201-9D85-011608CFD7A6}.Release|Any CPU.Build.0 = Release|Any CPU
		{6945B290-3111-4FE2-932A-5D1E61932083}.Debug|Any CPU.ActiveCfg = Debug|Any CPU
		{6945B290-3111-4FE2-932A-5D1E61932083}.Debug|Any CPU.Build.0 = Debug|Any CPU
		{6945B290-3111-4FE2-932A-5D1E61932083}.Release|Any CPU.ActiveCfg = Release|Any CPU
		{6945B290-3111-4FE2-932A-5D1E61932083}.Release|Any CPU.Build.0 = Release|Any CPU
		{5B4837C7-D894-454B-A8D4-C6B8B9770861}.Debug|Any CPU.ActiveCfg = Debug|Any CPU
		{5B4837C7-D894-454B-A8D4-C6B8B9770861}.Debug|Any CPU.Build.0 = Debug|Any CPU
		{5B4837C7-D894-454B-A8D4-C6B8B9770861}.Release|Any CPU.ActiveCfg = Release|Any CPU
		{5B4837C7-D894-454B-A8D4-C6B8B9770861}.Release|Any CPU.Build.0 = Release|Any CPU
		{5A4B5537-FF9D-485D-889D-42191EB8E839}.Debug|Any CPU.ActiveCfg = Debug|Any CPU
		{5A4B5537-FF9D-485D-889D-42191EB8E839}.Debug|Any CPU.Build.0 = Debug|Any CPU
		{5A4B5537-FF9D-485D-889D-42191EB8E839}.Release|Any CPU.ActiveCfg = Release|Any CPU
		{5A4B5537-FF9D-485D-889D-42191EB8E839}.Release|Any CPU.Build.0 = Release|Any CPU
		{18150D1A-DDA2-462F-BE86-DE758BB4117F}.Debug|Any CPU.ActiveCfg = Debug|Any CPU
		{18150D1A-DDA2-462F-BE86-DE758BB4117F}.Debug|Any CPU.Build.0 = Debug|Any CPU
		{18150D1A-DDA2-462F-BE86-DE758BB4117F}.Release|Any CPU.ActiveCfg = Release|Any CPU
		{18150D1A-DDA2-462F-BE86-DE758BB4117F}.Release|Any CPU.Build.0 = Release|Any CPU
	EndGlobalSection
	GlobalSection(SolutionProperties) = preSolution
		HideSolutionNode = FALSE
	EndGlobalSection
	GlobalSection(NestedProjects) = preSolution
		{486608A5-B3C1-47E1-8687-E007D7848A83} = {5140F38C-8CA1-4F5F-AB83-F2DC3FA59267}
		{47BC002D-0194-4132-8B30-EE4D1D4F4C35} = {5140F38C-8CA1-4F5F-AB83-F2DC3FA59267}
		{F774D3AE-63D8-4EAA-9149-5AD50F1F3C4D} = {5140F38C-8CA1-4F5F-AB83-F2DC3FA59267}
		{679D93E3-DD7C-4B27-9557-3A82D8118F47} = {47BC002D-0194-4132-8B30-EE4D1D4F4C35}
		{41978102-1483-4439-A448-6D2B729D1EAD} = {0B5141DD-FEC6-4AC1-952D-775362A8F692}
		{DA204B65-37DA-42EE-B4AC-F2434BD9AFAC} = {0B5141DD-FEC6-4AC1-952D-775362A8F692}
		{D9D8EDBA-42C9-47B7-A14B-E99EDC641B22} = {486608A5-B3C1-47E1-8687-E007D7848A83}
		{909FE015-53F2-4DF9-8D8D-59C1EFE0FC02} = {486608A5-B3C1-47E1-8687-E007D7848A83}
		{BA987A72-11C7-48F2-B8AC-CA1C8B764E44} = {679D93E3-DD7C-4B27-9557-3A82D8118F47}
		{F4213984-14C8-452B-A71E-88397B47A563} = {F774D3AE-63D8-4EAA-9149-5AD50F1F3C4D}
		{35509571-EF7B-4B96-8303-E36B41CC432F} = {FC66E58F-C1D5-43C8-AE1C-40809277194A}
		{FC66E58F-C1D5-43C8-AE1C-40809277194A} = {842AFC2D-C674-49D6-8360-745A956A2519}
		{A04D58F9-26FF-49AF-B247-7A2BA5B28042} = {842AFC2D-C674-49D6-8360-745A956A2519}
		{1F554AFD-2201-4610-91BF-5F2A8F725F3C} = {A04D58F9-26FF-49AF-B247-7A2BA5B28042}
		{B9AA7FBD-262C-4ABC-9C6D-100557102678} = {842AFC2D-C674-49D6-8360-745A956A2519}
		{60E358AF-E363-46C9-938C-7841F0F6DA24} = {B9AA7FBD-262C-4ABC-9C6D-100557102678}
		{B71DC13D-F6EF-4DA5-8B1D-481DD7B4E9E1} = {842AFC2D-C674-49D6-8360-745A956A2519}
		{21D16408-0C92-4C8F-A8AD-B7FB1E41A8BD} = {B71DC13D-F6EF-4DA5-8B1D-481DD7B4E9E1}
		{2989A744-87C3-4940-8987-428FF011700D} = {EBA75707-B8F3-4589-A725-49D734FA37A1}
		{93D1E4C8-FE47-42DF-823E-634DB721963A} = {A04D58F9-26FF-49AF-B247-7A2BA5B28042}
		{C62E0AFF-DA1E-4E8C-ADEF-ED4D6D3A6395} = {EBA75707-B8F3-4589-A725-49D734FA37A1}
		{ECF97516-7C36-400C-B06F-1F633C56B4E2} = {C93CC83B-D488-4051-B7E2-D8553BB128BE}
		{67E9E379-2630-4258-AC57-C12532439177} = {C93CC83B-D488-4051-B7E2-D8553BB128BE}
		{FE2602F3-DA05-46F7-902C-6DAC56021C34} = {ECF97516-7C36-400C-B06F-1F633C56B4E2}
		{F4C3426A-609A-4062-B13E-F2031CD419D7} = {67E9E379-2630-4258-AC57-C12532439177}
		{B4B9DEFD-BDFE-4051-9734-BE1D17AAEA15} = {C93CC83B-D488-4051-B7E2-D8553BB128BE}
		{975C37A4-90B0-4983-A918-860B0752869C} = {B4B9DEFD-BDFE-4051-9734-BE1D17AAEA15}
		{20A86D9F-1068-441B-9222-D05221729C18} = {C93CC83B-D488-4051-B7E2-D8553BB128BE}
		{7649C71C-93FC-46AC-82B1-E2B498A19BF5} = {20A86D9F-1068-441B-9222-D05221729C18}
		{FA29FF6C-A3B9-4CCF-9A64-7CB0DB58B886} = {20A86D9F-1068-441B-9222-D05221729C18}
		{46E7AEFE-E313-4545-A700-7F21A0FC386B} = {20A86D9F-1068-441B-9222-D05221729C18}
		{4085675D-0301-42C1-8D9A-26CE4C6F066F} = {20A86D9F-1068-441B-9222-D05221729C18}
		{4FB79FE4-7530-419F-A6B8-84F70159AD96} = {20A86D9F-1068-441B-9222-D05221729C18}
		{FBC5AFAD-F07F-43C5-8ECF-274B4B5B0DDD} = {C93CC83B-D488-4051-B7E2-D8553BB128BE}
		{B4316BE6-B300-47CA-9529-2C088037898A} = {FBC5AFAD-F07F-43C5-8ECF-274B4B5B0DDD}
		{02FC46AD-8257-48BF-A4DA-E5B036FC319B} = {C93CC83B-D488-4051-B7E2-D8553BB128BE}
		{8872A3B5-917B-486F-B2AC-8F3B5B5647E8} = {02FC46AD-8257-48BF-A4DA-E5B036FC319B}
		{D7C5091D-4BE5-4E3E-8FB5-6802336794B2} = {C93CC83B-D488-4051-B7E2-D8553BB128BE}
		{2CF38795-BCBD-44B7-B421-ED968826385C} = {D7C5091D-4BE5-4E3E-8FB5-6802336794B2}
		{3B778CBE-9318-4EE1-B9D7-952F6491CE3F} = {C93CC83B-D488-4051-B7E2-D8553BB128BE}
		{31F7DC9E-557A-45EB-BDE1-116CAE72972B} = {3B778CBE-9318-4EE1-B9D7-952F6491CE3F}
		{66DE7155-C394-45ED-9C9A-2151C8E70469} = {3698E905-7E4F-4D4B-84CA-5CED837EB21B}
		{422C3FA3-2EC9-4444-AA46-D63C2B37BBB6} = {AE6360B7-98A1-4B8D-B13C-2053B9F6CD90}
		{822531B2-ADE4-4293-8248-D5519AE5F45D} = {AE6360B7-98A1-4B8D-B13C-2053B9F6CD90}
		{E60A3970-148B-4888-AC44-F25F92348865} = {AE6360B7-98A1-4B8D-B13C-2053B9F6CD90}
		{AF043A94-38CE-4FD8-AF06-AB584B81DF81} = {C7B58262-F855-4501-BAA0-081620B503B7}
		{38B0A634-4B71-4742-9E92-97BBABF10194} = {AE6360B7-98A1-4B8D-B13C-2053B9F6CD90}
		{3743693B-1D9B-473D-AFAC-B504666BD97A} = {AE6360B7-98A1-4B8D-B13C-2053B9F6CD90}
		{4238E9F7-6309-4B0A-A626-8F3F32B02F37} = {4FE3A78B-3219-48D7-8D2D-53EB184D4502}
		{B4296904-1D58-408E-BCED-5D39FDD133DE} = {4FE3A78B-3219-48D7-8D2D-53EB184D4502}
		{83595115-6693-4CD4-B8BA-0B30D4548231} = {4FE3A78B-3219-48D7-8D2D-53EB184D4502}
		{ED53F907-C25C-4F8B-A2D2-20D49DAC3AFE} = {4FE3A78B-3219-48D7-8D2D-53EB184D4502}
		{E2EABBEB-4A5F-4A06-9319-1F507787F663} = {C7B58262-F855-4501-BAA0-081620B503B7}
		{2BC47366-F4D2-44EF-891E-4E45C05F3482} = {C7B58262-F855-4501-BAA0-081620B503B7}
		{8E2C3712-6933-4201-9D85-011608CFD7A6} = {9E7AAFF8-BD39-4257-9956-A63755117E21}
		{6945B290-3111-4FE2-932A-5D1E61932083} = {9E7AAFF8-BD39-4257-9956-A63755117E21}
		{5B4837C7-D894-454B-A8D4-C6B8B9770861} = {9E7AAFF8-BD39-4257-9956-A63755117E21}
		{5A4B5537-FF9D-485D-889D-42191EB8E839} = {9E7AAFF8-BD39-4257-9956-A63755117E21}
		{18150D1A-DDA2-462F-BE86-DE758BB4117F} = {C7B58262-F855-4501-BAA0-081620B503B7}
	EndGlobalSection
	GlobalSection(ExtensibilityGlobals) = postSolution
		SolutionGuid = {28EC57B7-6CF9-4171-9EC2-091ADFE2998B}
	EndGlobalSection
EndGlobal
